// !$*UTF8*$!
{
	archiveVersion = 1;
	classes = {
	};
	objectVersion = 56;
	objects = {

/* Begin PBXBuildFile section */
		646598DB29C606660067D29A /* AppDelegate.swift in Sources */ = {isa = PBXBuildFile; fileRef = 646598DA29C606660067D29A /* AppDelegate.swift */; };
		646598DD29C606660067D29A /* SceneDelegate.swift in Sources */ = {isa = PBXBuildFile; fileRef = 646598DC29C606660067D29A /* SceneDelegate.swift */; };
		646598DF29C606660067D29A /* ViewController.swift in Sources */ = {isa = PBXBuildFile; fileRef = 646598DE29C606660067D29A /* ViewController.swift */; };
		646598E429C606680067D29A /* Assets.xcassets in Resources */ = {isa = PBXBuildFile; fileRef = 646598E329C606680067D29A /* Assets.xcassets */; };
		646598E729C606680067D29A /* LaunchScreen.storyboard in Resources */ = {isa = PBXBuildFile; fileRef = 646598E529C606680067D29A /* LaunchScreen.storyboard */; };
		646598F229C606680067D29A /* BookShelfTests.swift in Sources */ = {isa = PBXBuildFile; fileRef = 646598F129C606680067D29A /* BookShelfTests.swift */; };
		646598FC29C606680067D29A /* BookShelfUITests.swift in Sources */ = {isa = PBXBuildFile; fileRef = 646598FB29C606680067D29A /* BookShelfUITests.swift */; };
		646598FE29C606680067D29A /* BookShelfUITestsLaunchTests.swift in Sources */ = {isa = PBXBuildFile; fileRef = 646598FD29C606680067D29A /* BookShelfUITestsLaunchTests.swift */; };
/* End PBXBuildFile section */

/* Begin PBXContainerItemProxy section */
		646598EE29C606680067D29A /* PBXContainerItemProxy */ = {
			isa = PBXContainerItemProxy;
			containerPortal = 646598CF29C606660067D29A /* Project object */;
			proxyType = 1;
			remoteGlobalIDString = 646598D629C606660067D29A;
			remoteInfo = BookShelf;
		};
		646598F829C606680067D29A /* PBXContainerItemProxy */ = {
			isa = PBXContainerItemProxy;
			containerPortal = 646598CF29C606660067D29A /* Project object */;
			proxyType = 1;
			remoteGlobalIDString = 646598D629C606660067D29A;
			remoteInfo = BookShelf;
		};
/* End PBXContainerItemProxy section */

/* Begin PBXFileReference section */
		646598D729C606660067D29A /* BookShelf.app */ = {isa = PBXFileReference; explicitFileType = wrapper.application; includeInIndex = 0; path = BookShelf.app; sourceTree = BUILT_PRODUCTS_DIR; };
		646598DA29C606660067D29A /* AppDelegate.swift */ = {isa = PBXFileReference; lastKnownFileType = sourcecode.swift; path = AppDelegate.swift; sourceTree = "<group>"; };
		646598DC29C606660067D29A /* SceneDelegate.swift */ = {isa = PBXFileReference; lastKnownFileType = sourcecode.swift; path = SceneDelegate.swift; sourceTree = "<group>"; };
		646598DE29C606660067D29A /* ViewController.swift */ = {isa = PBXFileReference; lastKnownFileType = sourcecode.swift; path = ViewController.swift; sourceTree = "<group>"; };
		646598E329C606680067D29A /* Assets.xcassets */ = {isa = PBXFileReference; lastKnownFileType = folder.assetcatalog; path = Assets.xcassets; sourceTree = "<group>"; };
		646598E629C606680067D29A /* Base */ = {isa = PBXFileReference; lastKnownFileType = file.storyboard; name = Base; path = Base.lproj/LaunchScreen.storyboard; sourceTree = "<group>"; };
		646598E829C606680067D29A /* Info.plist */ = {isa = PBXFileReference; lastKnownFileType = text.plist.xml; path = Info.plist; sourceTree = "<group>"; };
		646598ED29C606680067D29A /* BookShelfTests.xctest */ = {isa = PBXFileReference; explicitFileType = wrapper.cfbundle; includeInIndex = 0; path = BookShelfTests.xctest; sourceTree = BUILT_PRODUCTS_DIR; };
		646598F129C606680067D29A /* BookShelfTests.swift */ = {isa = PBXFileReference; lastKnownFileType = sourcecode.swift; path = BookShelfTests.swift; sourceTree = "<group>"; };
		646598F729C606680067D29A /* BookShelfUITests.xctest */ = {isa = PBXFileReference; explicitFileType = wrapper.cfbundle; includeInIndex = 0; path = BookShelfUITests.xctest; sourceTree = BUILT_PRODUCTS_DIR; };
		646598FB29C606680067D29A /* BookShelfUITests.swift */ = {isa = PBXFileReference; lastKnownFileType = sourcecode.swift; path = BookShelfUITests.swift; sourceTree = "<group>"; };
		646598FD29C606680067D29A /* BookShelfUITestsLaunchTests.swift */ = {isa = PBXFileReference; lastKnownFileType = sourcecode.swift; path = BookShelfUITestsLaunchTests.swift; sourceTree = "<group>"; };
/* End PBXFileReference section */

/* Begin PBXFrameworksBuildPhase section */
		646598D429C606660067D29A /* Frameworks */ = {
			isa = PBXFrameworksBuildPhase;
			buildActionMask = 2147483647;
			files = (
			);
			runOnlyForDeploymentPostprocessing = 0;
		};
		646598EA29C606680067D29A /* Frameworks */ = {
			isa = PBXFrameworksBuildPhase;
			buildActionMask = 2147483647;
			files = (
			);
			runOnlyForDeploymentPostprocessing = 0;
		};
		646598F429C606680067D29A /* Frameworks */ = {
			isa = PBXFrameworksBuildPhase;
			buildActionMask = 2147483647;
			files = (
			);
			runOnlyForDeploymentPostprocessing = 0;
		};
/* End PBXFrameworksBuildPhase section */

/* Begin PBXGroup section */
		646598CE29C606660067D29A = {
			isa = PBXGroup;
			children = (
				646598D929C606660067D29A /* BookShelf */,
				646598F029C606680067D29A /* BookShelfTests */,
				646598FA29C606680067D29A /* BookShelfUITests */,
				646598D829C606660067D29A /* Products */,
			);
			sourceTree = "<group>";
		};
		646598D829C606660067D29A /* Products */ = {
			isa = PBXGroup;
			children = (
				646598D729C606660067D29A /* BookShelf.app */,
				646598ED29C606680067D29A /* BookShelfTests.xctest */,
				646598F729C606680067D29A /* BookShelfUITests.xctest */,
			);
			name = Products;
			sourceTree = "<group>";
		};
		646598D929C606660067D29A /* BookShelf */ = {
			isa = PBXGroup;
			children = (
				646598DA29C606660067D29A /* AppDelegate.swift */,
				646598DC29C606660067D29A /* SceneDelegate.swift */,
				646598DE29C606660067D29A /* ViewController.swift */,
				646598E329C606680067D29A /* Assets.xcassets */,
				646598E529C606680067D29A /* LaunchScreen.storyboard */,
				646598E829C606680067D29A /* Info.plist */,
			);
			path = BookShelf;
			sourceTree = "<group>";
		};
		646598F029C606680067D29A /* BookShelfTests */ = {
			isa = PBXGroup;
			children = (
				646598F129C606680067D29A /* BookShelfTests.swift */,
			);
			path = BookShelfTests;
			sourceTree = "<group>";
		};
		646598FA29C606680067D29A /* BookShelfUITests */ = {
			isa = PBXGroup;
			children = (
				646598FB29C606680067D29A /* BookShelfUITests.swift */,
				646598FD29C606680067D29A /* BookShelfUITestsLaunchTests.swift */,
			);
			path = BookShelfUITests;
			sourceTree = "<group>";
		};
/* End PBXGroup section */

/* Begin PBXNativeTarget section */
		646598D629C606660067D29A /* BookShelf */ = {
			isa = PBXNativeTarget;
			buildConfigurationList = 6465990129C606680067D29A /* Build configuration list for PBXNativeTarget "BookShelf" */;
			buildPhases = (
				646598D329C606660067D29A /* Sources */,
				646598D429C606660067D29A /* Frameworks */,
				646598D529C606660067D29A /* Resources */,
			);
			buildRules = (
			);
			dependencies = (
			);
			name = BookShelf;
			productName = BookShelf;
			productReference = 646598D729C606660067D29A /* BookShelf.app */;
			productType = "com.apple.product-type.application";
		};
		646598EC29C606680067D29A /* BookShelfTests */ = {
			isa = PBXNativeTarget;
			buildConfigurationList = 6465990429C606680067D29A /* Build configuration list for PBXNativeTarget "BookShelfTests" */;
			buildPhases = (
				646598E929C606680067D29A /* Sources */,
				646598EA29C606680067D29A /* Frameworks */,
				646598EB29C606680067D29A /* Resources */,
			);
			buildRules = (
			);
			dependencies = (
				646598EF29C606680067D29A /* PBXTargetDependency */,
			);
			name = BookShelfTests;
			productName = BookShelfTests;
			productReference = 646598ED29C606680067D29A /* BookShelfTests.xctest */;
			productType = "com.apple.product-type.bundle.unit-test";
		};
		646598F629C606680067D29A /* BookShelfUITests */ = {
			isa = PBXNativeTarget;
			buildConfigurationList = 6465990729C606680067D29A /* Build configuration list for PBXNativeTarget "BookShelfUITests" */;
			buildPhases = (
				646598F329C606680067D29A /* Sources */,
				646598F429C606680067D29A /* Frameworks */,
				646598F529C606680067D29A /* Resources */,
			);
			buildRules = (
			);
			dependencies = (
				646598F929C606680067D29A /* PBXTargetDependency */,
			);
			name = BookShelfUITests;
			productName = BookShelfUITests;
			productReference = 646598F729C606680067D29A /* BookShelfUITests.xctest */;
			productType = "com.apple.product-type.bundle.ui-testing";
		};
/* End PBXNativeTarget section */

/* Begin PBXProject section */
		646598CF29C606660067D29A /* Project object */ = {
			isa = PBXProject;
			attributes = {
				BuildIndependentTargetsInParallel = 1;
				LastSwiftUpdateCheck = 1420;
				LastUpgradeCheck = 1420;
				TargetAttributes = {
					646598D629C606660067D29A = {
						CreatedOnToolsVersion = 14.2;
					};
					646598EC29C606680067D29A = {
						CreatedOnToolsVersion = 14.2;
						TestTargetID = 646598D629C606660067D29A;
					};
					646598F629C606680067D29A = {
						CreatedOnToolsVersion = 14.2;
						TestTargetID = 646598D629C606660067D29A;
					};
				};
			};
			buildConfigurationList = 646598D229C606660067D29A /* Build configuration list for PBXProject "BookShelf" */;
			compatibilityVersion = "Xcode 14.0";
			developmentRegion = en;
			hasScannedForEncodings = 0;
			knownRegions = (
				en,
				Base,
			);
			mainGroup = 646598CE29C606660067D29A;
			productRefGroup = 646598D829C606660067D29A /* Products */;
			projectDirPath = "";
			projectRoot = "";
			targets = (
				646598D629C606660067D29A /* BookShelf */,
				646598EC29C606680067D29A /* BookShelfTests */,
				646598F629C606680067D29A /* BookShelfUITests */,
			);
		};
/* End PBXProject section */

/* Begin PBXResourcesBuildPhase section */
		646598D529C606660067D29A /* Resources */ = {
			isa = PBXResourcesBuildPhase;
			buildActionMask = 2147483647;
			files = (
				646598E729C606680067D29A /* LaunchScreen.storyboard in Resources */,
				646598E429C606680067D29A /* Assets.xcassets in Resources */,
			);
			runOnlyForDeploymentPostprocessing = 0;
		};
		646598EB29C606680067D29A /* Resources */ = {
			isa = PBXResourcesBuildPhase;
			buildActionMask = 2147483647;
			files = (
			);
			runOnlyForDeploymentPostprocessing = 0;
		};
		646598F529C606680067D29A /* Resources */ = {
			isa = PBXResourcesBuildPhase;
			buildActionMask = 2147483647;
			files = (
			);
			runOnlyForDeploymentPostprocessing = 0;
		};
/* End PBXResourcesBuildPhase section */

/* Begin PBXSourcesBuildPhase section */
		646598D329C606660067D29A /* Sources */ = {
			isa = PBXSourcesBuildPhase;
			buildActionMask = 2147483647;
			files = (
				646598DF29C606660067D29A /* ViewController.swift in Sources */,
				646598DB29C606660067D29A /* AppDelegate.swift in Sources */,
				646598DD29C606660067D29A /* SceneDelegate.swift in Sources */,
			);
			runOnlyForDeploymentPostprocessing = 0;
		};
		646598E929C606680067D29A /* Sources */ = {
			isa = PBXSourcesBuildPhase;
			buildActionMask = 2147483647;
			files = (
				646598F229C606680067D29A /* BookShelfTests.swift in Sources */,
			);
			runOnlyForDeploymentPostprocessing = 0;
		};
		646598F329C606680067D29A /* Sources */ = {
			isa = PBXSourcesBuildPhase;
			buildActionMask = 2147483647;
			files = (
				646598FE29C606680067D29A /* BookShelfUITestsLaunchTests.swift in Sources */,
				646598FC29C606680067D29A /* BookShelfUITests.swift in Sources */,
			);
			runOnlyForDeploymentPostprocessing = 0;
		};
/* End PBXSourcesBuildPhase section */

/* Begin PBXTargetDependency section */
		646598EF29C606680067D29A /* PBXTargetDependency */ = {
			isa = PBXTargetDependency;
			target = 646598D629C606660067D29A /* BookShelf */;
			targetProxy = 646598EE29C606680067D29A /* PBXContainerItemProxy */;
		};
		646598F929C606680067D29A /* PBXTargetDependency */ = {
			isa = PBXTargetDependency;
			target = 646598D629C606660067D29A /* BookShelf */;
			targetProxy = 646598F829C606680067D29A /* PBXContainerItemProxy */;
		};
/* End PBXTargetDependency section */

/* Begin PBXVariantGroup section */
		646598E529C606680067D29A /* LaunchScreen.storyboard */ = {
			isa = PBXVariantGroup;
			children = (
				646598E629C606680067D29A /* Base */,
			);
			name = LaunchScreen.storyboard;
			sourceTree = "<group>";
		};
/* End PBXVariantGroup section */

/* Begin XCBuildConfiguration section */
		646598FF29C606680067D29A /* Debug */ = {
			isa = XCBuildConfiguration;
			buildSettings = {
				ALWAYS_SEARCH_USER_PATHS = NO;
				CLANG_ANALYZER_NONNULL = YES;
				CLANG_ANALYZER_NUMBER_OBJECT_CONVERSION = YES_AGGRESSIVE;
				CLANG_CXX_LANGUAGE_STANDARD = "gnu++20";
				CLANG_ENABLE_MODULES = YES;
				CLANG_ENABLE_OBJC_ARC = YES;
				CLANG_ENABLE_OBJC_WEAK = YES;
				CLANG_WARN_BLOCK_CAPTURE_AUTORELEASING = YES;
				CLANG_WARN_BOOL_CONVERSION = YES;
				CLANG_WARN_COMMA = YES;
				CLANG_WARN_CONSTANT_CONVERSION = YES;
				CLANG_WARN_DEPRECATED_OBJC_IMPLEMENTATIONS = YES;
				CLANG_WARN_DIRECT_OBJC_ISA_USAGE = YES_ERROR;
				CLANG_WARN_DOCUMENTATION_COMMENTS = YES;
				CLANG_WARN_EMPTY_BODY = YES;
				CLANG_WARN_ENUM_CONVERSION = YES;
				CLANG_WARN_INFINITE_RECURSION = YES;
				CLANG_WARN_INT_CONVERSION = YES;
				CLANG_WARN_NON_LITERAL_NULL_CONVERSION = YES;
				CLANG_WARN_OBJC_IMPLICIT_RETAIN_SELF = YES;
				CLANG_WARN_OBJC_LITERAL_CONVERSION = YES;
				CLANG_WARN_OBJC_ROOT_CLASS = YES_ERROR;
				CLANG_WARN_QUOTED_INCLUDE_IN_FRAMEWORK_HEADER = YES;
				CLANG_WARN_RANGE_LOOP_ANALYSIS = YES;
				CLANG_WARN_STRICT_PROTOTYPES = YES;
				CLANG_WARN_SUSPICIOUS_MOVE = YES;
				CLANG_WARN_UNGUARDED_AVAILABILITY = YES_AGGRESSIVE;
				CLANG_WARN_UNREACHABLE_CODE = YES;
				CLANG_WARN__DUPLICATE_METHOD_MATCH = YES;
				COPY_PHASE_STRIP = NO;
				DEBUG_INFORMATION_FORMAT = dwarf;
				ENABLE_STRICT_OBJC_MSGSEND = YES;
				ENABLE_TESTABILITY = YES;
				GCC_C_LANGUAGE_STANDARD = gnu11;
				GCC_DYNAMIC_NO_PIC = NO;
				GCC_NO_COMMON_BLOCKS = YES;
				GCC_OPTIMIZATION_LEVEL = 0;
				GCC_PREPROCESSOR_DEFINITIONS = (
					"DEBUG=1",
					"$(inherited)",
				);
				GCC_WARN_64_TO_32_BIT_CONVERSION = YES;
				GCC_WARN_ABOUT_RETURN_TYPE = YES_ERROR;
				GCC_WARN_UNDECLARED_SELECTOR = YES;
				GCC_WARN_UNINITIALIZED_AUTOS = YES_AGGRESSIVE;
				GCC_WARN_UNUSED_FUNCTION = YES;
				GCC_WARN_UNUSED_VARIABLE = YES;
				IPHONEOS_DEPLOYMENT_TARGET = 16.2;
				MTL_ENABLE_DEBUG_INFO = INCLUDE_SOURCE;
				MTL_FAST_MATH = YES;
				ONLY_ACTIVE_ARCH = YES;
				SDKROOT = iphoneos;
				SWIFT_ACTIVE_COMPILATION_CONDITIONS = DEBUG;
				SWIFT_OPTIMIZATION_LEVEL = "-Onone";
			};
			name = Debug;
		};
		6465990029C606680067D29A /* Release */ = {
			isa = XCBuildConfiguration;
			buildSettings = {
				ALWAYS_SEARCH_USER_PATHS = NO;
				CLANG_ANALYZER_NONNULL = YES;
				CLANG_ANALYZER_NUMBER_OBJECT_CONVERSION = YES_AGGRESSIVE;
				CLANG_CXX_LANGUAGE_STANDARD = "gnu++20";
				CLANG_ENABLE_MODULES = YES;
				CLANG_ENABLE_OBJC_ARC = YES;
				CLANG_ENABLE_OBJC_WEAK = YES;
				CLANG_WARN_BLOCK_CAPTURE_AUTORELEASING = YES;
				CLANG_WARN_BOOL_CONVERSION = YES;
				CLANG_WARN_COMMA = YES;
				CLANG_WARN_CONSTANT_CONVERSION = YES;
				CLANG_WARN_DEPRECATED_OBJC_IMPLEMENTATIONS = YES;
				CLANG_WARN_DIRECT_OBJC_ISA_USAGE = YES_ERROR;
				CLANG_WARN_DOCUMENTATION_COMMENTS = YES;
				CLANG_WARN_EMPTY_BODY = YES;
				CLANG_WARN_ENUM_CONVERSION = YES;
				CLANG_WARN_INFINITE_RECURSION = YES;
				CLANG_WARN_INT_CONVERSION = YES;
				CLANG_WARN_NON_LITERAL_NULL_CONVERSION = YES;
				CLANG_WARN_OBJC_IMPLICIT_RETAIN_SELF = YES;
				CLANG_WARN_OBJC_LITERAL_CONVERSION = YES;
				CLANG_WARN_OBJC_ROOT_CLASS = YES_ERROR;
				CLANG_WARN_QUOTED_INCLUDE_IN_FRAMEWORK_HEADER = YES;
				CLANG_WARN_RANGE_LOOP_ANALYSIS = YES;
				CLANG_WARN_STRICT_PROTOTYPES = YES;
				CLANG_WARN_SUSPICIOUS_MOVE = YES;
				CLANG_WARN_UNGUARDED_AVAILABILITY = YES_AGGRESSIVE;
				CLANG_WARN_UNREACHABLE_CODE = YES;
				CLANG_WARN__DUPLICATE_METHOD_MATCH = YES;
				COPY_PHASE_STRIP = NO;
				DEBUG_INFORMATION_FORMAT = "dwarf-with-dsym";
				ENABLE_NS_ASSERTIONS = NO;
				ENABLE_STRICT_OBJC_MSGSEND = YES;
				GCC_C_LANGUAGE_STANDARD = gnu11;
				GCC_NO_COMMON_BLOCKS = YES;
				GCC_WARN_64_TO_32_BIT_CONVERSION = YES;
				GCC_WARN_ABOUT_RETURN_TYPE = YES_ERROR;
				GCC_WARN_UNDECLARED_SELECTOR = YES;
				GCC_WARN_UNINITIALIZED_AUTOS = YES_AGGRESSIVE;
				GCC_WARN_UNUSED_FUNCTION = YES;
				GCC_WARN_UNUSED_VARIABLE = YES;
				IPHONEOS_DEPLOYMENT_TARGET = 16.2;
				MTL_ENABLE_DEBUG_INFO = NO;
				MTL_FAST_MATH = YES;
				SDKROOT = iphoneos;
				SWIFT_COMPILATION_MODE = wholemodule;
				SWIFT_OPTIMIZATION_LEVEL = "-O";
				VALIDATE_PRODUCT = YES;
			};
			name = Release;
		};
		6465990229C606680067D29A /* Debug */ = {
			isa = XCBuildConfiguration;
			buildSettings = {
				ASSETCATALOG_COMPILER_APPICON_NAME = AppIcon;
				ASSETCATALOG_COMPILER_GLOBAL_ACCENT_COLOR_NAME = AccentColor;
				CODE_SIGN_STYLE = Automatic;
				CURRENT_PROJECT_VERSION = 1;
				GENERATE_INFOPLIST_FILE = YES;
				INFOPLIST_FILE = BookShelf/Info.plist;
				INFOPLIST_KEY_UIApplicationSupportsIndirectInputEvents = YES;
				INFOPLIST_KEY_UILaunchStoryboardName = LaunchScreen;
				INFOPLIST_KEY_UIMainStoryboardFile = Main;
				INFOPLIST_KEY_UISupportedInterfaceOrientations = UIInterfaceOrientationPortrait;
				LD_RUNPATH_SEARCH_PATHS = (
					"$(inherited)",
					"@executable_path/Frameworks",
				);
				MARKETING_VERSION = 1.0;
				PRODUCT_BUNDLE_IDENTIFIER = com.raphael.BookShelf;
				PRODUCT_NAME = "$(TARGET_NAME)";
				SUPPORTED_PLATFORMS = "iphoneos iphonesimulator";
				SUPPORTS_MACCATALYST = NO;
				SUPPORTS_MAC_DESIGNED_FOR_IPHONE_IPAD = NO;
				SWIFT_EMIT_LOC_STRINGS = YES;
				SWIFT_VERSION = 5.0;
				TARGETED_DEVICE_FAMILY = 1;
			};
			name = Debug;
		};
		6465990329C606680067D29A /* Release */ = {
			isa = XCBuildConfiguration;
			buildSettings = {
				ASSETCATALOG_COMPILER_APPICON_NAME = AppIcon;
				ASSETCATALOG_COMPILER_GLOBAL_ACCENT_COLOR_NAME = AccentColor;
				CODE_SIGN_STYLE = Automatic;
				CURRENT_PROJECT_VERSION = 1;
				GENERATE_INFOPLIST_FILE = YES;
				INFOPLIST_FILE = BookShelf/Info.plist;
				INFOPLIST_KEY_UIApplicationSupportsIndirectInputEvents = YES;
				INFOPLIST_KEY_UILaunchStoryboardName = LaunchScreen;
				INFOPLIST_KEY_UIMainStoryboardFile = Main;
				INFOPLIST_KEY_UISupportedInterfaceOrientations = UIInterfaceOrientationPortrait;
				LD_RUNPATH_SEARCH_PATHS = (
					"$(inherited)",
					"@executable_path/Frameworks",
				);
				MARKETING_VERSION = 1.0;
				PRODUCT_BUNDLE_IDENTIFIER = com.raphael.BookShelf;
				PRODUCT_NAME = "$(TARGET_NAME)";
				SUPPORTED_PLATFORMS = "iphoneos iphonesimulator";
				SUPPORTS_MACCATALYST = NO;
				SUPPORTS_MAC_DESIGNED_FOR_IPHONE_IPAD = NO;
				SWIFT_EMIT_LOC_STRINGS = YES;
				SWIFT_VERSION = 5.0;
				TARGETED_DEVICE_FAMILY = 1;
			};
			name = Release;
		};
		6465990529C606680067D29A /* Debug */ = {
			isa = XCBuildConfiguration;
			buildSettings = {
				ALWAYS_EMBED_SWIFT_STANDARD_LIBRARIES = YES;
				BUNDLE_LOADER = "$(TEST_HOST)";
				CODE_SIGN_STYLE = Automatic;
				CURRENT_PROJECT_VERSION = 1;
				GENERATE_INFOPLIST_FILE = YES;
				IPHONEOS_DEPLOYMENT_TARGET = 16.2;
				MARKETING_VERSION = 1.0;
				PRODUCT_BUNDLE_IDENTIFIER = com.raphael.BookShelfTests;
				PRODUCT_NAME = "$(TARGET_NAME)";
				SWIFT_EMIT_LOC_STRINGS = NO;
				SWIFT_VERSION = 5.0;
				TARGETED_DEVICE_FAMILY = "1,2";
				TEST_HOST = "$(BUILT_PRODUCTS_DIR)/BookShelf.app/$(BUNDLE_EXECUTABLE_FOLDER_PATH)/BookShelf";
			};
			name = Debug;
		};
		6465990629C606680067D29A /* Release */ = {
			isa = XCBuildConfiguration;
			buildSettings = {
				ALWAYS_EMBED_SWIFT_STANDARD_LIBRARIES = YES;
				BUNDLE_LOADER = "$(TEST_HOST)";
				CODE_SIGN_STYLE = Automatic;
				CURRENT_PROJECT_VERSION = 1;
				GENERATE_INFOPLIST_FILE = YES;
				IPHONEOS_DEPLOYMENT_TARGET = 16.2;
				MARKETING_VERSION = 1.0;
				PRODUCT_BUNDLE_IDENTIFIER = com.raphael.BookShelfTests;
				PRODUCT_NAME = "$(TARGET_NAME)";
				SWIFT_EMIT_LOC_STRINGS = NO;
				SWIFT_VERSION = 5.0;
				TARGETED_DEVICE_FAMILY = "1,2";
				TEST_HOST = "$(BUILT_PRODUCTS_DIR)/BookShelf.app/$(BUNDLE_EXECUTABLE_FOLDER_PATH)/BookShelf";
			};
			name = Release;
		};
		6465990829C606680067D29A /* Debug */ = {
			isa = XCBuildConfiguration;
			buildSettings = {
				ALWAYS_EMBED_SWIFT_STANDARD_LIBRARIES = YES;
				CODE_SIGN_STYLE = Automatic;
				CURRENT_PROJECT_VERSION = 1;
				GENERATE_INFOPLIST_FILE = YES;
				MARKETING_VERSION = 1.0;
				PRODUCT_BUNDLE_IDENTIFIER = com.raphael.BookShelfUITests;
				PRODUCT_NAME = "$(TARGET_NAME)";
				SWIFT_EMIT_LOC_STRINGS = NO;
				SWIFT_VERSION = 5.0;
				TARGETED_DEVICE_FAMILY = "1,2";
				TEST_TARGET_NAME = BookShelf;
			};
			name = Debug;
		};
		6465990929C606680067D29A /* Release */ = {
			isa = XCBuildConfiguration;
			buildSettings = {
				ALWAYS_EMBED_SWIFT_STANDARD_LIBRARIES = YES;
				CODE_SIGN_STYLE = Automatic;
				CURRENT_PROJECT_VERSION = 1;
				GENERATE_INFOPLIST_FILE = YES;
				MARKETING_VERSION = 1.0;
				PRODUCT_BUNDLE_IDENTIFIER = com.raphael.BookShelfUITests;
				PRODUCT_NAME = "$(TARGET_NAME)";
				SWIFT_EMIT_LOC_STRINGS = NO;
				SWIFT_VERSION = 5.0;
				TARGETED_DEVICE_FAMILY = "1,2";
				TEST_TARGET_NAME = BookShelf;
			};
			name = Release;
		};
/* End XCBuildConfiguration section */

/* Begin XCConfigurationList section */
		646598D229C606660067D29A /* Build configuration list for PBXProject "BookShelf" */ = {
			isa = XCConfigurationList;
			buildConfigurations = (
				646598FF29C606680067D29A /* Debug */,
				6465990029C606680067D29A /* Release */,
			);
			defaultConfigurationIsVisible = 0;
			defaultConfigurationName = Release;
		};
		6465990129C606680067D29A /* Build configuration list for PBXNativeTarget "BookShelf" */ = {
			isa = XCConfigurationList;
			buildConfigurations = (
				6465990229C606680067D29A /* Debug */,
				6465990329C606680067D29A /* Release */,
			);
			defaultConfigurationIsVisible = 0;
			defaultConfigurationName = Release;
		};
		6465990429C606680067D29A /* Build configuration list for PBXNativeTarget "BookShelfTests" */ = {
			isa = XCConfigurationList;
			buildConfigurations = (
				6465990529C606680067D29A /* Debug */,
				6465990629C606680067D29A /* Release */,
			);
			defaultConfigurationIsVisible = 0;
			defaultConfigurationName = Release;
		};
		6465990729C606680067D29A /* Build configuration list for PBXNativeTarget "BookShelfUITests" */ = {
			isa = XCConfigurationList;
			buildConfigurations = (
				6465990829C606680067D29A /* Debug */,
				6465990929C606680067D29A /* Release */,
			);
			defaultConfigurationIsVisible = 0;
			defaultConfigurationName = Release;
		};
/* End XCConfigurationList section */
	};
	rootObject = 646598CF29C606660067D29A /* Project object */;
}
